
Microsoft Visual Studio Solution File, Format Version 12.00
# Visual Studio 2012
Project("{FAE04EC0-301F-11D3-BF4B-00C04F79EFBC}") = "GoogleApis.Mac", "GoogleApis.Mac\GoogleApis.Mac.csproj", "{D9A6EE6E-3679-4303-937B-1FEE1AA5DCE4}"
EndProject
Project("{FAE04EC0-301F-11D3-BF4B-00C04F79EFBC}") = "GoogleApis.Auth.Mac", "GoogleApis.Auth.Mac\GoogleApis.Auth.Mac.csproj", "{72334489-FA93-4999-8EFD-5BAEABFE5654}"
EndProject
Project("{FAE04EC0-301F-11D3-BF4B-00C04F79EFBC}") = "MacSample", "MacSample\MacSample.csproj", "{23DAD722-A2F2-4BEE-BBEB-2ED02FB4A69A}"
EndProject
Global
	GlobalSection(SolutionConfigurationPlatforms) = preSolution
		Debug|Any CPU = Debug|Any CPU
		Release|Any CPU = Release|Any CPU
	EndGlobalSection
	GlobalSection(ProjectConfigurationPlatforms) = postSolution
		{23DAD722-A2F2-4BEE-BBEB-2ED02FB4A69A}.Debug|Any CPU.ActiveCfg = Debug|Any CPU
		{23DAD722-A2F2-4BEE-BBEB-2ED02FB4A69A}.Debug|Any CPU.Build.0 = Debug|Any CPU
		{23DAD722-A2F2-4BEE-BBEB-2ED02FB4A69A}.Release|Any CPU.ActiveCfg = Release|Any CPU
		{23DAD722-A2F2-4BEE-BBEB-2ED02FB4A69A}.Release|Any CPU.Build.0 = Release|Any CPU
		{72334489-FA93-4999-8EFD-5BAEABFE5654}.Debug|Any CPU.ActiveCfg = Debug|Any CPU
		{72334489-FA93-4999-8EFD-5BAEABFE5654}.Debug|Any CPU.Build.0 = Debug|Any CPU
		{72334489-FA93-4999-8EFD-5BAEABFE5654}.Release|Any CPU.ActiveCfg = Release|Any CPU
		{72334489-FA93-4999-8EFD-5BAEABFE5654}.Release|Any CPU.Build.0 = Release|Any CPU
		{D9A6EE6E-3679-4303-937B-1FEE1AA5DCE4}.Debug|Any CPU.ActiveCfg = Debug|Any CPU
		{D9A6EE6E-3679-4303-937B-1FEE1AA5DCE4}.Debug|Any CPU.Build.0 = Debug|Any CPU
		{D9A6EE6E-3679-4303-937B-1FEE1AA5DCE4}.Release|Any CPU.ActiveCfg = Release|Any CPU
		{D9A6EE6E-3679-4303-937B-1FEE1AA5DCE4}.Release|Any CPU.Build.0 = Release|Any CPU
	EndGlobalSection
EndGlobal
